// !$*UTF8*$!
{
	archiveVersion = 1;
	classes = {
	};
	objectVersion = 50;
	objects = {

/* Begin PBXBuildFile section */
		27BB3B91AAD7411C8252A39C /* Pods_TumblrTests.framework in Frameworks */ = {isa = PBXBuildFile; fileRef = CC26A96470ABF82826AEFDB0 /* Pods_TumblrTests.framework */; };
		4767A5CA22C5347B00CC7EF8 /* AppDelegate.m in Sources */ = {isa = PBXBuildFile; fileRef = 4767A5C922C5347B00CC7EF8 /* AppDelegate.m */; };
		4767A5CD22C5347B00CC7EF8 /* ViewController.m in Sources */ = {isa = PBXBuildFile; fileRef = 4767A5CC22C5347B00CC7EF8 /* ViewController.m */; };
		4767A5D022C5347B00CC7EF8 /* Main.storyboard in Resources */ = {isa = PBXBuildFile; fileRef = 4767A5CE22C5347B00CC7EF8 /* Main.storyboard */; };
		4767A5D222C5347B00CC7EF8 /* Assets.xcassets in Resources */ = {isa = PBXBuildFile; fileRef = 4767A5D122C5347B00CC7EF8 /* Assets.xcassets */; };
		4767A5D522C5347B00CC7EF8 /* LaunchScreen.storyboard in Resources */ = {isa = PBXBuildFile; fileRef = 4767A5D322C5347B00CC7EF8 /* LaunchScreen.storyboard */; };
		4767A5D822C5347B00CC7EF8 /* main.m in Sources */ = {isa = PBXBuildFile; fileRef = 4767A5D722C5347B00CC7EF8 /* main.m */; };
		4767A5E222C5347B00CC7EF8 /* TumblrTests.m in Sources */ = {isa = PBXBuildFile; fileRef = 4767A5E122C5347B00CC7EF8 /* TumblrTests.m */; };
		4767A5ED22C5347B00CC7EF8 /* TumblrUITests.m in Sources */ = {isa = PBXBuildFile; fileRef = 4767A5EC22C5347B00CC7EF8 /* TumblrUITests.m */; };
		8051737D82FF8FE99577B35B /* Pods_Tumblr.framework in Frameworks */ = {isa = PBXBuildFile; fileRef = 71FAA131EAA9164CC6DBD790 /* Pods_Tumblr.framework */; };
		9370524E8EEBE32660950AD8 /* Pods_TumblrUITests.framework in Frameworks */ = {isa = PBXBuildFile; fileRef = 12BF1FF28EE320DEFEBE8C7A /* Pods_TumblrUITests.framework */; };
/* End PBXBuildFile section */

/* Begin PBXContainerItemProxy section */
		4767A5DE22C5347B00CC7EF8 /* PBXContainerItemProxy */ = {
			isa = PBXContainerItemProxy;
			containerPortal = 4767A5BD22C5347B00CC7EF8 /* Project object */;
			proxyType = 1;
			remoteGlobalIDString = 4767A5C422C5347B00CC7EF8;
			remoteInfo = Tumblr;
		};
		4767A5E922C5347B00CC7EF8 /* PBXContainerItemProxy */ = {
			isa = PBXContainerItemProxy;
			containerPortal = 4767A5BD22C5347B00CC7EF8 /* Project object */;
			proxyType = 1;
			remoteGlobalIDString = 4767A5C422C5347B00CC7EF8;
			remoteInfo = Tumblr;
		};
/* End PBXContainerItemProxy section */

/* Begin PBXFileReference section */
		0F17B42B593857D8488B4BF3 /* Pods-TumblrUITests.release.xcconfig */ = {isa = PBXFileReference; includeInIndex = 1; lastKnownFileType = text.xcconfig; name = "Pods-TumblrUITests.release.xcconfig"; path = "Target Support Files/Pods-TumblrUITests/Pods-TumblrUITests.release.xcconfig"; sourceTree = "<group>"; };
		12BF1FF28EE320DEFEBE8C7A /* Pods_TumblrUITests.framework */ = {isa = PBXFileReference; explicitFileType = wrapper.framework; includeInIndex = 0; path = Pods_TumblrUITests.framework; sourceTree = BUILT_PRODUCTS_DIR; };
		2C4816253ED712699074EA86 /* Pods-TumblrTests.debug.xcconfig */ = {isa = PBXFileReference; includeInIndex = 1; lastKnownFileType = text.xcconfig; name = "Pods-TumblrTests.debug.xcconfig"; path = "Target Support Files/Pods-TumblrTests/Pods-TumblrTests.debug.xcconfig"; sourceTree = "<group>"; };
		4767A5C522C5347B00CC7EF8 /* Tumblr.app */ = {isa = PBXFileReference; explicitFileType = wrapper.application; includeInIndex = 0; path = Tumblr.app; sourceTree = BUILT_PRODUCTS_DIR; };
		4767A5C822C5347B00CC7EF8 /* AppDelegate.h */ = {isa = PBXFileReference; lastKnownFileType = sourcecode.c.h; path = AppDelegate.h; sourceTree = "<group>"; };
		4767A5C922C5347B00CC7EF8 /* AppDelegate.m */ = {isa = PBXFileReference; lastKnownFileType = sourcecode.c.objc; path = AppDelegate.m; sourceTree = "<group>"; };
		4767A5CB22C5347B00CC7EF8 /* ViewController.h */ = {isa = PBXFileReference; lastKnownFileType = sourcecode.c.h; path = ViewController.h; sourceTree = "<group>"; };
		4767A5CC22C5347B00CC7EF8 /* ViewController.m */ = {isa = PBXFileReference; lastKnownFileType = sourcecode.c.objc; path = ViewController.m; sourceTree = "<group>"; };
		4767A5CF22C5347B00CC7EF8 /* Base */ = {isa = PBXFileReference; lastKnownFileType = file.storyboard; name = Base; path = Base.lproj/Main.storyboard; sourceTree = "<group>"; };
		4767A5D122C5347B00CC7EF8 /* Assets.xcassets */ = {isa = PBXFileReference; lastKnownFileType = folder.assetcatalog; path = Assets.xcassets; sourceTree = "<group>"; };
		4767A5D422C5347B00CC7EF8 /* Base */ = {isa = PBXFileReference; lastKnownFileType = file.storyboard; name = Base; path = Base.lproj/LaunchScreen.storyboard; sourceTree = "<group>"; };
		4767A5D622C5347B00CC7EF8 /* Info.plist */ = {isa = PBXFileReference; lastKnownFileType = text.plist.xml; path = Info.plist; sourceTree = "<group>"; };
		4767A5D722C5347B00CC7EF8 /* main.m */ = {isa = PBXFileReference; lastKnownFileType = sourcecode.c.objc; path = main.m; sourceTree = "<group>"; };
		4767A5DD22C5347B00CC7EF8 /* TumblrTests.xctest */ = {isa = PBXFileReference; explicitFileType = wrapper.cfbundle; includeInIndex = 0; path = TumblrTests.xctest; sourceTree = BUILT_PRODUCTS_DIR; };
		4767A5E122C5347B00CC7EF8 /* TumblrTests.m */ = {isa = PBXFileReference; lastKnownFileType = sourcecode.c.objc; path = TumblrTests.m; sourceTree = "<group>"; };
		4767A5E322C5347B00CC7EF8 /* Info.plist */ = {isa = PBXFileReference; lastKnownFileType = text.plist.xml; path = Info.plist; sourceTree = "<group>"; };
		4767A5E822C5347B00CC7EF8 /* TumblrUITests.xctest */ = {isa = PBXFileReference; explicitFileType = wrapper.cfbundle; includeInIndex = 0; path = TumblrUITests.xctest; sourceTree = BUILT_PRODUCTS_DIR; };
		4767A5EC22C5347B00CC7EF8 /* TumblrUITests.m */ = {isa = PBXFileReference; lastKnownFileType = sourcecode.c.objc; path = TumblrUITests.m; sourceTree = "<group>"; };
		4767A5EE22C5347B00CC7EF8 /* Info.plist */ = {isa = PBXFileReference; lastKnownFileType = text.plist.xml; path = Info.plist; sourceTree = "<group>"; };
		5A3F3C73333EEA31129BF260 /* Pods-TumblrUITests.debug.xcconfig */ = {isa = PBXFileReference; includeInIndex = 1; lastKnownFileType = text.xcconfig; name = "Pods-TumblrUITests.debug.xcconfig"; path = "Target Support Files/Pods-TumblrUITests/Pods-TumblrUITests.debug.xcconfig"; sourceTree = "<group>"; };
		71FAA131EAA9164CC6DBD790 /* Pods_Tumblr.framework */ = {isa = PBXFileReference; explicitFileType = wrapper.framework; includeInIndex = 0; path = Pods_Tumblr.framework; sourceTree = BUILT_PRODUCTS_DIR; };
		A609ECD41EB8CA4127418F53 /* Pods-Tumblr.release.xcconfig */ = {isa = PBXFileReference; includeInIndex = 1; lastKnownFileType = text.xcconfig; name = "Pods-Tumblr.release.xcconfig"; path = "Target Support Files/Pods-Tumblr/Pods-Tumblr.release.xcconfig"; sourceTree = "<group>"; };
		BCA4009527D2D63A62AF79B8 /* Pods-Tumblr.debug.xcconfig */ = {isa = PBXFileReference; includeInIndex = 1; lastKnownFileType = text.xcconfig; name = "Pods-Tumblr.debug.xcconfig"; path = "Target Support Files/Pods-Tumblr/Pods-Tumblr.debug.xcconfig"; sourceTree = "<group>"; };
		CC26A96470ABF82826AEFDB0 /* Pods_TumblrTests.framework */ = {isa = PBXFileReference; explicitFileType = wrapper.framework; includeInIndex = 0; path = Pods_TumblrTests.framework; sourceTree = BUILT_PRODUCTS_DIR; };
		E77BEFF912A691722FE04E9E /* Pods-TumblrTests.release.xcconfig */ = {isa = PBXFileReference; includeInIndex = 1; lastKnownFileType = text.xcconfig; name = "Pods-TumblrTests.release.xcconfig"; path = "Target Support Files/Pods-TumblrTests/Pods-TumblrTests.release.xcconfig"; sourceTree = "<group>"; };
/* End PBXFileReference section */

/* Begin PBXFrameworksBuildPhase section */
		4767A5C222C5347B00CC7EF8 /* Frameworks */ = {
			isa = PBXFrameworksBuildPhase;
			buildActionMask = 2147483647;
			files = (
				8051737D82FF8FE99577B35B /* Pods_Tumblr.framework in Frameworks */,
			);
			runOnlyForDeploymentPostprocessing = 0;
		};
		4767A5DA22C5347B00CC7EF8 /* Frameworks */ = {
			isa = PBXFrameworksBuildPhase;
			buildActionMask = 2147483647;
			files = (
				27BB3B91AAD7411C8252A39C /* Pods_TumblrTests.framework in Frameworks */,
			);
			runOnlyForDeploymentPostprocessing = 0;
		};
		4767A5E522C5347B00CC7EF8 /* Frameworks */ = {
			isa = PBXFrameworksBuildPhase;
			buildActionMask = 2147483647;
			files = (
				9370524E8EEBE32660950AD8 /* Pods_TumblrUITests.framework in Frameworks */,
			);
			runOnlyForDeploymentPostprocessing = 0;
		};
/* End PBXFrameworksBuildPhase section */

/* Begin PBXGroup section */
		28D0864B71A2A54598D961EB /* Pods */ = {
			isa = PBXGroup;
			children = (
				BCA4009527D2D63A62AF79B8 /* Pods-Tumblr.debug.xcconfig */,
				A609ECD41EB8CA4127418F53 /* Pods-Tumblr.release.xcconfig */,
				2C4816253ED712699074EA86 /* Pods-TumblrTests.debug.xcconfig */,
				E77BEFF912A691722FE04E9E /* Pods-TumblrTests.release.xcconfig */,
				5A3F3C73333EEA31129BF260 /* Pods-TumblrUITests.debug.xcconfig */,
				0F17B42B593857D8488B4BF3 /* Pods-TumblrUITests.release.xcconfig */,
			);
			name = Pods;
			path = Pods;
			sourceTree = "<group>";
		};
		4767A5BC22C5347B00CC7EF8 = {
			isa = PBXGroup;
			children = (
				4767A5C722C5347B00CC7EF8 /* Tumblr */,
				4767A5E022C5347B00CC7EF8 /* TumblrTests */,
				4767A5EB22C5347B00CC7EF8 /* TumblrUITests */,
				4767A5C622C5347B00CC7EF8 /* Products */,
				28D0864B71A2A54598D961EB /* Pods */,
				EAD43FC8C0D3FE97391D737F /* Frameworks */,
			);
			sourceTree = "<group>";
		};
		4767A5C622C5347B00CC7EF8 /* Products */ = {
			isa = PBXGroup;
			children = (
				4767A5C522C5347B00CC7EF8 /* Tumblr.app */,
				4767A5DD22C5347B00CC7EF8 /* TumblrTests.xctest */,
				4767A5E822C5347B00CC7EF8 /* TumblrUITests.xctest */,
			);
			name = Products;
			sourceTree = "<group>";
		};
		4767A5C722C5347B00CC7EF8 /* Tumblr */ = {
			isa = PBXGroup;
			children = (
				4767A5C822C5347B00CC7EF8 /* AppDelegate.h */,
				4767A5C922C5347B00CC7EF8 /* AppDelegate.m */,
				4767A5CB22C5347B00CC7EF8 /* ViewController.h */,
				4767A5CC22C5347B00CC7EF8 /* ViewController.m */,
				4767A5CE22C5347B00CC7EF8 /* Main.storyboard */,
				4767A5D122C5347B00CC7EF8 /* Assets.xcassets */,
				4767A5D322C5347B00CC7EF8 /* LaunchScreen.storyboard */,
				4767A5D622C5347B00CC7EF8 /* Info.plist */,
				4767A5D722C5347B00CC7EF8 /* main.m */,
			);
			path = Tumblr;
			sourceTree = "<group>";
		};
		4767A5E022C5347B00CC7EF8 /* TumblrTests */ = {
			isa = PBXGroup;
			children = (
				4767A5E122C5347B00CC7EF8 /* TumblrTests.m */,
				4767A5E322C5347B00CC7EF8 /* Info.plist */,
			);
			path = TumblrTests;
			sourceTree = "<group>";
		};
		4767A5EB22C5347B00CC7EF8 /* TumblrUITests */ = {
			isa = PBXGroup;
			children = (
				4767A5EC22C5347B00CC7EF8 /* TumblrUITests.m */,
				4767A5EE22C5347B00CC7EF8 /* Info.plist */,
			);
			path = TumblrUITests;
			sourceTree = "<group>";
		};
		EAD43FC8C0D3FE97391D737F /* Frameworks */ = {
			isa = PBXGroup;
			children = (
				71FAA131EAA9164CC6DBD790 /* Pods_Tumblr.framework */,
				CC26A96470ABF82826AEFDB0 /* Pods_TumblrTests.framework */,
				12BF1FF28EE320DEFEBE8C7A /* Pods_TumblrUITests.framework */,
			);
			name = Frameworks;
			sourceTree = "<group>";
		};
/* End PBXGroup section */

/* Begin PBXNativeTarget section */
		4767A5C422C5347B00CC7EF8 /* Tumblr */ = {
			isa = PBXNativeTarget;
			buildConfigurationList = 4767A5F122C5347B00CC7EF8 /* Build configuration list for PBXNativeTarget "Tumblr" */;
			buildPhases = (
				F6B7F7104F213E2A4413966D /* [CP] Check Pods Manifest.lock */,
				4767A5C122C5347B00CC7EF8 /* Sources */,
				4767A5C222C5347B00CC7EF8 /* Frameworks */,
				4767A5C322C5347B00CC7EF8 /* Resources */,
				E400FF002D4A8B4D78C55E2B /* [CP] Embed Pods Frameworks */,
			);
			buildRules = (
			);
			dependencies = (
			);
			name = Tumblr;
			productName = Tumblr;
			productReference = 4767A5C522C5347B00CC7EF8 /* Tumblr.app */;
			productType = "com.apple.product-type.application";
		};
		4767A5DC22C5347B00CC7EF8 /* TumblrTests */ = {
			isa = PBXNativeTarget;
			buildConfigurationList = 4767A5F422C5347B00CC7EF8 /* Build configuration list for PBXNativeTarget "TumblrTests" */;
			buildPhases = (
				7CFBCC3C8780887D086241D3 /* [CP] Check Pods Manifest.lock */,
				4767A5D922C5347B00CC7EF8 /* Sources */,
				4767A5DA22C5347B00CC7EF8 /* Frameworks */,
				4767A5DB22C5347B00CC7EF8 /* Resources */,
			);
			buildRules = (
			);
			dependencies = (
				4767A5DF22C5347B00CC7EF8 /* PBXTargetDependency */,
			);
			name = TumblrTests;
			productName = TumblrTests;
			productReference = 4767A5DD22C5347B00CC7EF8 /* TumblrTests.xctest */;
			productType = "com.apple.product-type.bundle.unit-test";
		};
		4767A5E722C5347B00CC7EF8 /* TumblrUITests */ = {
			isa = PBXNativeTarget;
			buildConfigurationList = 4767A5F722C5347B00CC7EF8 /* Build configuration list for PBXNativeTarget "TumblrUITests" */;
			buildPhases = (
				D99F49AB797508EA6A3B878A /* [CP] Check Pods Manifest.lock */,
				4767A5E422C5347B00CC7EF8 /* Sources */,
				4767A5E522C5347B00CC7EF8 /* Frameworks */,
				4767A5E622C5347B00CC7EF8 /* Resources */,
			);
			buildRules = (
			);
			dependencies = (
				4767A5EA22C5347B00CC7EF8 /* PBXTargetDependency */,
			);
			name = TumblrUITests;
			productName = TumblrUITests;
			productReference = 4767A5E822C5347B00CC7EF8 /* TumblrUITests.xctest */;
			productType = "com.apple.product-type.bundle.ui-testing";
		};
/* End PBXNativeTarget section */

/* Begin PBXProject section */
		4767A5BD22C5347B00CC7EF8 /* Project object */ = {
			isa = PBXProject;
			attributes = {
				LastUpgradeCheck = 1020;
				ORGANIZATIONNAME = ilanashapiro;
				TargetAttributes = {
					4767A5C422C5347B00CC7EF8 = {
						CreatedOnToolsVersion = 10.2.1;
					};
					4767A5DC22C5347B00CC7EF8 = {
						CreatedOnToolsVersion = 10.2.1;
						TestTargetID = 4767A5C422C5347B00CC7EF8;
					};
					4767A5E722C5347B00CC7EF8 = {
						CreatedOnToolsVersion = 10.2.1;
						TestTargetID = 4767A5C422C5347B00CC7EF8;
					};
				};
			};
			buildConfigurationList = 4767A5C022C5347B00CC7EF8 /* Build configuration list for PBXProject "Tumblr" */;
			compatibilityVersion = "Xcode 9.3";
			developmentRegion = en;
			hasScannedForEncodings = 0;
			knownRegions = (
				en,
				Base,
			);
			mainGroup = 4767A5BC22C5347B00CC7EF8;
			productRefGroup = 4767A5C622C5347B00CC7EF8 /* Products */;
			projectDirPath = "";
			projectRoot = "";
			targets = (
				4767A5C422C5347B00CC7EF8 /* Tumblr */,
				4767A5DC22C5347B00CC7EF8 /* TumblrTests */,
				4767A5E722C5347B00CC7EF8 /* TumblrUITests */,
			);
		};
/* End PBXProject section */

/* Begin PBXResourcesBuildPhase section */
		4767A5C322C5347B00CC7EF8 /* Resources */ = {
			isa = PBXResourcesBuildPhase;
			buildActionMask = 2147483647;
			files = (
				4767A5D522C5347B00CC7EF8 /* LaunchScreen.storyboard in Resources */,
				4767A5D222C5347B00CC7EF8 /* Assets.xcassets in Resources */,
				4767A5D022C5347B00CC7EF8 /* Main.storyboard in Resources */,
			);
			runOnlyForDeploymentPostprocessing = 0;
		};
		4767A5DB22C5347B00CC7EF8 /* Resources */ = {
			isa = PBXResourcesBuildPhase;
			buildActionMask = 2147483647;
			files = (
			);
			runOnlyForDeploymentPostprocessing = 0;
		};
		4767A5E622C5347B00CC7EF8 /* Resources */ = {
			isa = PBXResourcesBuildPhase;
			buildActionMask = 2147483647;
			files = (
			);
			runOnlyForDeploymentPostprocessing = 0;
		};
/* End PBXResourcesBuildPhase section */

/* Begin PBXShellScriptBuildPhase section */
		7CFBCC3C8780887D086241D3 /* [CP] Check Pods Manifest.lock */ = {
			isa = PBXShellScriptBuildPhase;
			buildActionMask = 2147483647;
			files = (
			);
			inputFileListPaths = (
			);
			inputPaths = (
				"${PODS_PODFILE_DIR_PATH}/Podfile.lock",
				"${PODS_ROOT}/Manifest.lock",
			);
			name = "[CP] Check Pods Manifest.lock";
			outputFileListPaths = (
			);
			outputPaths = (
				"$(DERIVED_FILE_DIR)/Pods-TumblrTests-checkManifestLockResult.txt",
			);
			runOnlyForDeploymentPostprocessing = 0;
			shellPath = /bin/sh;
			shellScript = "diff \"${PODS_PODFILE_DIR_PATH}/Podfile.lock\" \"${PODS_ROOT}/Manifest.lock\" > /dev/null\nif [ $? != 0 ] ; then\n    # print error to STDERR\n    echo \"error: The sandbox is not in sync with the Podfile.lock. Run 'pod install' or update your CocoaPods installation.\" >&2\n    exit 1\nfi\n# This output is used by Xcode 'outputs' to avoid re-running this script phase.\necho \"SUCCESS\" > \"${SCRIPT_OUTPUT_FILE_0}\"\n";
			showEnvVarsInLog = 0;
		};
		D99F49AB797508EA6A3B878A /* [CP] Check Pods Manifest.lock */ = {
			isa = PBXShellScriptBuildPhase;
			buildActionMask = 2147483647;
			files = (
			);
			inputFileListPaths = (
			);
			inputPaths = (
				"${PODS_PODFILE_DIR_PATH}/Podfile.lock",
				"${PODS_ROOT}/Manifest.lock",
			);
			name = "[CP] Check Pods Manifest.lock";
			outputFileListPaths = (
			);
			outputPaths = (
				"$(DERIVED_FILE_DIR)/Pods-TumblrUITests-checkManifestLockResult.txt",
			);
			runOnlyForDeploymentPostprocessing = 0;
			shellPath = /bin/sh;
			shellScript = "diff \"${PODS_PODFILE_DIR_PATH}/Podfile.lock\" \"${PODS_ROOT}/Manifest.lock\" > /dev/null\nif [ $? != 0 ] ; then\n    # print error to STDERR\n    echo \"error: The sandbox is not in sync with the Podfile.lock. Run 'pod install' or update your CocoaPods installation.\" >&2\n    exit 1\nfi\n# This output is used by Xcode 'outputs' to avoid re-running this script phase.\necho \"SUCCESS\" > \"${SCRIPT_OUTPUT_FILE_0}\"\n";
			showEnvVarsInLog = 0;
		};
		E400FF002D4A8B4D78C55E2B /* [CP] Embed Pods Frameworks */ = {
			isa = PBXShellScriptBuildPhase;
			buildActionMask = 2147483647;
			files = (
			);
			inputFileListPaths = (
				"${PODS_ROOT}/Target Support Files/Pods-Tumblr/Pods-Tumblr-frameworks-${CONFIGURATION}-input-files.xcfilelist",
			);
			name = "[CP] Embed Pods Frameworks";
			outputFileListPaths = (
				"${PODS_ROOT}/Target Support Files/Pods-Tumblr/Pods-Tumblr-frameworks-${CONFIGURATION}-output-files.xcfilelist",
			);
			runOnlyForDeploymentPostprocessing = 0;
			shellPath = /bin/sh;
			shellScript = "\"${PODS_ROOT}/Target Support Files/Pods-Tumblr/Pods-Tumblr-frameworks.sh\"\n";
			showEnvVarsInLog = 0;
		};
		F6B7F7104F213E2A4413966D /* [CP] Check Pods Manifest.lock */ = {
			isa = PBXShellScriptBuildPhase;
			buildActionMask = 2147483647;
			files = (
			);
			inputFileListPaths = (
			);
			inputPaths = (
				"${PODS_PODFILE_DIR_PATH}/Podfile.lock",
				"${PODS_ROOT}/Manifest.lock",
			);
			name = "[CP] Check Pods Manifest.lock";
			outputFileListPaths = (
			);
			outputPaths = (
				"$(DERIVED_FILE_DIR)/Pods-Tumblr-checkManifestLockResult.txt",
			);
			runOnlyForDeploymentPostprocessing = 0;
			shellPath = /bin/sh;
			shellScript = "diff \"${PODS_PODFILE_DIR_PATH}/Podfile.lock\" \"${PODS_ROOT}/Manifest.lock\" > /dev/null\nif [ $? != 0 ] ; then\n    # print error to STDERR\n    echo \"error: The sandbox is not in sync with the Podfile.lock. Run 'pod install' or update your CocoaPods installation.\" >&2\n    exit 1\nfi\n# This output is used by Xcode 'outputs' to avoid re-running this script phase.\necho \"SUCCESS\" > \"${SCRIPT_OUTPUT_FILE_0}\"\n";
			showEnvVarsInLog = 0;
		};
/* End PBXShellScriptBuildPhase section */

/* Begin PBXSourcesBuildPhase section */
		4767A5C122C5347B00CC7EF8 /* Sources */ = {
			isa = PBXSourcesBuildPhase;
			buildActionMask = 2147483647;
			files = (
				4767A5CD22C5347B00CC7EF8 /* ViewController.m in Sources */,
				4767A5D822C5347B00CC7EF8 /* main.m in Sources */,
				4767A5CA22C5347B00CC7EF8 /* AppDelegate.m in Sources */,
			);
			runOnlyForDeploymentPostprocessing = 0;
		};
		4767A5D922C5347B00CC7EF8 /* Sources */ = {
			isa = PBXSourcesBuildPhase;
			buildActionMask = 2147483647;
			files = (
				4767A5E222C5347B00CC7EF8 /* TumblrTests.m in Sources */,
			);
			runOnlyForDeploymentPostprocessing = 0;
		};
		4767A5E422C5347B00CC7EF8 /* Sources */ = {
			isa = PBXSourcesBuildPhase;
			buildActionMask = 2147483647;
			files = (
				4767A5ED22C5347B00CC7EF8 /* TumblrUITests.m in Sources */,
			);
			runOnlyForDeploymentPostprocessing = 0;
		};
/* End PBXSourcesBuildPhase section */

/* Begin PBXTargetDependency section */
		4767A5DF22C5347B00CC7EF8 /* PBXTargetDependency */ = {
			isa = PBXTargetDependency;
			target = 4767A5C422C5347B00CC7EF8 /* Tumblr */;
			targetProxy = 4767A5DE22C5347B00CC7EF8 /* PBXContainerItemProxy */;
		};
		4767A5EA22C5347B00CC7EF8 /* PBXTargetDependency */ = {
			isa = PBXTargetDependency;
			target = 4767A5C422C5347B00CC7EF8 /* Tumblr */;
			targetProxy = 4767A5E922C5347B00CC7EF8 /* PBXContainerItemProxy */;
		};
/* End PBXTargetDependency section */

/* Begin PBXVariantGroup section */
		4767A5CE22C5347B00CC7EF8 /* Main.storyboard */ = {
			isa = PBXVariantGroup;
			children = (
				4767A5CF22C5347B00CC7EF8 /* Base */,
			);
			name = Main.storyboard;
			sourceTree = "<group>";
		};
		4767A5D322C5347B00CC7EF8 /* LaunchScreen.storyboard */ = {
			isa = PBXVariantGroup;
			children = (
				4767A5D422C5347B00CC7EF8 /* Base */,
			);
			name = LaunchScreen.storyboard;
			sourceTree = "<group>";
		};
/* End PBXVariantGroup section */

/* Begin XCBuildConfiguration section */
		4767A5EF22C5347B00CC7EF8 /* Debug */ = {
			isa = XCBuildConfiguration;
			buildSettings = {
				ALWAYS_SEARCH_USER_PATHS = NO;
				CLANG_ANALYZER_NONNULL = YES;
				CLANG_ANALYZER_NUMBER_OBJECT_CONVERSION = YES_AGGRESSIVE;
				CLANG_CXX_LANGUAGE_STANDARD = "gnu++14";
				CLANG_CXX_LIBRARY = "libc++";
				CLANG_ENABLE_MODULES = YES;
				CLANG_ENABLE_OBJC_ARC = YES;
				CLANG_ENABLE_OBJC_WEAK = YES;
				CLANG_WARN_BLOCK_CAPTURE_AUTORELEASING = YES;
				CLANG_WARN_BOOL_CONVERSION = YES;
				CLANG_WARN_COMMA = YES;
				CLANG_WARN_CONSTANT_CONVERSION = YES;
				CLANG_WARN_DEPRECATED_OBJC_IMPLEMENTATIONS = YES;
				CLANG_WARN_DIRECT_OBJC_ISA_USAGE = YES_ERROR;
				CLANG_WARN_DOCUMENTATION_COMMENTS = YES;
				CLANG_WARN_EMPTY_BODY = YES;
				CLANG_WARN_ENUM_CONVERSION = YES;
				CLANG_WARN_INFINITE_RECURSION = YES;
				CLANG_WARN_INT_CONVERSION = YES;
				CLANG_WARN_NON_LITERAL_NULL_CONVERSION = YES;
				CLANG_WARN_OBJC_IMPLICIT_RETAIN_SELF = YES;
				CLANG_WARN_OBJC_LITERAL_CONVERSION = YES;
				CLANG_WARN_OBJC_ROOT_CLASS = YES_ERROR;
				CLANG_WARN_RANGE_LOOP_ANALYSIS = YES;
				CLANG_WARN_STRICT_PROTOTYPES = YES;
				CLANG_WARN_SUSPICIOUS_MOVE = YES;
				CLANG_WARN_UNGUARDED_AVAILABILITY = YES_AGGRESSIVE;
				CLANG_WARN_UNREACHABLE_CODE = YES;
				CLANG_WARN__DUPLICATE_METHOD_MATCH = YES;
				CODE_SIGN_IDENTITY = "iPhone Developer";
				COPY_PHASE_STRIP = NO;
				DEBUG_INFORMATION_FORMAT = dwarf;
				ENABLE_STRICT_OBJC_MSGSEND = YES;
				ENABLE_TESTABILITY = YES;
				GCC_C_LANGUAGE_STANDARD = gnu11;
				GCC_DYNAMIC_NO_PIC = NO;
				GCC_NO_COMMON_BLOCKS = YES;
				GCC_OPTIMIZATION_LEVEL = 0;
				GCC_PREPROCESSOR_DEFINITIONS = (
					"DEBUG=1",
					"$(inherited)",
				);
				GCC_WARN_64_TO_32_BIT_CONVERSION = YES;
				GCC_WARN_ABOUT_RETURN_TYPE = YES_ERROR;
				GCC_WARN_UNDECLARED_SELECTOR = YES;
				GCC_WARN_UNINITIALIZED_AUTOS = YES_AGGRESSIVE;
				GCC_WARN_UNUSED_FUNCTION = YES;
				GCC_WARN_UNUSED_VARIABLE = YES;
				IPHONEOS_DEPLOYMENT_TARGET = 12.2;
				MTL_ENABLE_DEBUG_INFO = INCLUDE_SOURCE;
				MTL_FAST_MATH = YES;
				ONLY_ACTIVE_ARCH = YES;
				SDKROOT = iphoneos;
			};
			name = Debug;
		};
		4767A5F022C5347B00CC7EF8 /* Release */ = {
			isa = XCBuildConfiguration;
			buildSettings = {
				ALWAYS_SEARCH_USER_PATHS = NO;
				CLANG_ANALYZER_NONNULL = YES;
				CLANG_ANALYZER_NUMBER_OBJECT_CONVERSION = YES_AGGRESSIVE;
				CLANG_CXX_LANGUAGE_STANDARD = "gnu++14";
				CLANG_CXX_LIBRARY = "libc++";
				CLANG_ENABLE_MODULES = YES;
				CLANG_ENABLE_OBJC_ARC = YES;
				CLANG_ENABLE_OBJC_WEAK = YES;
				CLANG_WARN_BLOCK_CAPTURE_AUTORELEASING = YES;
				CLANG_WARN_BOOL_CONVERSION = YES;
				CLANG_WARN_COMMA = YES;
				CLANG_WARN_CONSTANT_CONVERSION = YES;
				CLANG_WARN_DEPRECATED_OBJC_IMPLEMENTATIONS = YES;
				CLANG_WARN_DIRECT_OBJC_ISA_USAGE = YES_ERROR;
				CLANG_WARN_DOCUMENTATION_COMMENTS = YES;
				CLANG_WARN_EMPTY_BODY = YES;
				CLANG_WARN_ENUM_CONVERSION = YES;
				CLANG_WARN_INFINITE_RECURSION = YES;
				CLANG_WARN_INT_CONVERSION = YES;
				CLANG_WARN_NON_LITERAL_NULL_CONVERSION = YES;
				CLANG_WARN_OBJC_IMPLICIT_RETAIN_SELF = YES;
				CLANG_WARN_OBJC_LITERAL_CONVERSION = YES;
				CLANG_WARN_OBJC_ROOT_CLASS = YES_ERROR;
				CLANG_WARN_RANGE_LOOP_ANALYSIS = YES;
				CLANG_WARN_STRICT_PROTOTYPES = YES;
				CLANG_WARN_SUSPICIOUS_MOVE = YES;
				CLANG_WARN_UNGUARDED_AVAILABILITY = YES_AGGRESSIVE;
				CLANG_WARN_UNREACHABLE_CODE = YES;
				CLANG_WARN__DUPLICATE_METHOD_MATCH = YES;
				CODE_SIGN_IDENTITY = "iPhone Developer";
				COPY_PHASE_STRIP = NO;
				DEBUG_INFORMATION_FORMAT = "dwarf-with-dsym";
				ENABLE_NS_ASSERTIONS = NO;
				ENABLE_STRICT_OBJC_MSGSEND = YES;
				GCC_C_LANGUAGE_STANDARD = gnu11;
				GCC_NO_COMMON_BLOCKS = YES;
				GCC_WARN_64_TO_32_BIT_CONVERSION = YES;
				GCC_WARN_ABOUT_RETURN_TYPE = YES_ERROR;
				GCC_WARN_UNDECLARED_SELECTOR = YES;
				GCC_WARN_UNINITIALIZED_AUTOS = YES_AGGRESSIVE;
				GCC_WARN_UNUSED_FUNCTION = YES;
				GCC_WARN_UNUSED_VARIABLE = YES;
				IPHONEOS_DEPLOYMENT_TARGET = 12.2;
				MTL_ENABLE_DEBUG_INFO = NO;
				MTL_FAST_MATH = YES;
				SDKROOT = iphoneos;
				VALIDATE_PRODUCT = YES;
			};
			name = Release;
		};
		4767A5F222C5347B00CC7EF8 /* Debug */ = {
			isa = XCBuildConfiguration;
			baseConfigurationReference = BCA4009527D2D63A62AF79B8 /* Pods-Tumblr.debug.xcconfig */;
			buildSettings = {
				ASSETCATALOG_COMPILER_APPICON_NAME = AppIcon;
				CODE_SIGN_STYLE = Automatic;
				INFOPLIST_FILE = Tumblr/Info.plist;
				LD_RUNPATH_SEARCH_PATHS = (
					"$(inherited)",
					"@executable_path/Frameworks",
				);
				PRODUCT_BUNDLE_IDENTIFIER = com.ilanashapiro.Tumblr;
				PRODUCT_NAME = "$(TARGET_NAME)";
				TARGETED_DEVICE_FAMILY = "1,2";
			};
			name = Debug;
		};
		4767A5F322C5347B00CC7EF8 /* Release */ = {
			isa = XCBuildConfiguration;
			baseConfigurationReference = A609ECD41EB8CA4127418F53 /* Pods-Tumblr.release.xcconfig */;
			buildSettings = {
				ASSETCATALOG_COMPILER_APPICON_NAME = AppIcon;
				CODE_SIGN_STYLE = Automatic;
				INFOPLIST_FILE = Tumblr/Info.plist;
				LD_RUNPATH_SEARCH_PATHS = (
					"$(inherited)",
					"@executable_path/Frameworks",
				);
				PRODUCT_BUNDLE_IDENTIFIER = com.ilanashapiro.Tumblr;
				PRODUCT_NAME = "$(TARGET_NAME)";
				TARGETED_DEVICE_FAMILY = "1,2";
			};
			name = Release;
		};
		4767A5F522C5347B00CC7EF8 /* Debug */ = {
			isa = XCBuildConfiguration;
			baseConfigurationReference = 2C4816253ED712699074EA86 /* Pods-TumblrTests.debug.xcconfig */;
			buildSettings = {
				BUNDLE_LOADER = "$(TEST_HOST)";
				CODE_SIGN_STYLE = Automatic;
				INFOPLIST_FILE = TumblrTests/Info.plist;
				LD_RUNPATH_SEARCH_PATHS = (
					"$(inherited)",
					"@executable_path/Frameworks",
					"@loader_path/Frameworks",
				);
				PRODUCT_BUNDLE_IDENTIFIER = com.ilanashapiro.TumblrTests;
				PRODUCT_NAME = "$(TARGET_NAME)";
				TARGETED_DEVICE_FAMILY = "1,2";
				TEST_HOST = "$(BUILT_PRODUCTS_DIR)/Tumblr.app/Tumblr";
			};
			name = Debug;
		};
		4767A5F622C5347B00CC7EF8 /* Release */ = {
			isa = XCBuildConfiguration;
			baseConfigurationReference = E77BEFF912A691722FE04E9E /* Pods-TumblrTests.release.xcconfig */;
			buildSettings = {
				BUNDLE_LOADER = "$(TEST_HOST)";
				CODE_SIGN_STYLE = Automatic;
				INFOPLIST_FILE = TumblrTests/Info.plist;
				LD_RUNPATH_SEARCH_PATHS = (
					"$(inherited)",
					"@executable_path/Frameworks",
					"@loader_path/Frameworks",
				);
				PRODUCT_BUNDLE_IDENTIFIER = com.ilanashapiro.TumblrTests;
				PRODUCT_NAME = "$(TARGET_NAME)";
				TARGETED_DEVICE_FAMILY = "1,2";
				TEST_HOST = "$(BUILT_PRODUCTS_DIR)/Tumblr.app/Tumblr";
			};
			name = Release;
		};
		4767A5F822C5347B00CC7EF8 /* Debug */ = {
			isa = XCBuildConfiguration;
			baseConfigurationReference = 5A3F3C73333EEA31129BF260 /* Pods-TumblrUITests.debug.xcconfig */;
			buildSettings = {
				CODE_SIGN_STYLE = Automatic;
				INFOPLIST_FILE = TumblrUITests/Info.plist;
				LD_RUNPATH_SEARCH_PATHS = (
					"$(inherited)",
					"@executable_path/Frameworks",
					"@loader_path/Frameworks",
				);
				PRODUCT_BUNDLE_IDENTIFIER = com.ilanashapiro.TumblrUITests;
				PRODUCT_NAME = "$(TARGET_NAME)";
				TARGETED_DEVICE_FAMILY = "1,2";
				TEST_TARGET_NAME = Tumblr;
			};
			name = Debug;
		};
		4767A5F922C5347B00CC7EF8 /* Release */ = {
			isa = XCBuildConfiguration;
			baseConfigurationReference = 0F17B42B593857D8488B4BF3 /* Pods-TumblrUITests.release.xcconfig */;
			buildSettings = {
				CODE_SIGN_STYLE = Automatic;
				INFOPLIST_FILE = TumblrUITests/Info.plist;
				LD_RUNPATH_SEARCH_PATHS = (
					"$(inherited)",
					"@executable_path/Frameworks",
					"@loader_path/Frameworks",
				);
				PRODUCT_BUNDLE_IDENTIFIER = com.ilanashapiro.TumblrUITests;
				PRODUCT_NAME = "$(TARGET_NAME)";
				TARGETED_DEVICE_FAMILY = "1,2";
				TEST_TARGET_NAME = Tumblr;
			};
			name = Release;
		};
/* End XCBuildConfiguration section */

/* Begin XCConfigurationList section */
		4767A5C022C5347B00CC7EF8 /* Build configuration list for PBXProject "Tumblr" */ = {
			isa = XCConfigurationList;
			buildConfigurations = (
				4767A5EF22C5347B00CC7EF8 /* Debug */,
				4767A5F022C5347B00CC7EF8 /* Release */,
			);
			defaultConfigurationIsVisible = 0;
			defaultConfigurationName = Release;
		};
		4767A5F122C5347B00CC7EF8 /* Build configuration list for PBXNativeTarget "Tumblr" */ = {
			isa = XCConfigurationList;
			buildConfigurations = (
				4767A5F222C5347B00CC7EF8 /* Debug */,
				4767A5F322C5347B00CC7EF8 /* Release */,
			);
			defaultConfigurationIsVisible = 0;
			defaultConfigurationName = Release;
		};
		4767A5F422C5347B00CC7EF8 /* Build configuration list for PBXNativeTarget "TumblrTests" */ = {
			isa = XCConfigurationList;
			buildConfigurations = (
				4767A5F522C5347B00CC7EF8 /* Debug */,
				4767A5F622C5347B00CC7EF8 /* Release */,
			);
			defaultConfigurationIsVisible = 0;
			defaultConfigurationName = Release;
		};
		4767A5F722C5347B00CC7EF8 /* Build configuration list for PBXNativeTarget "TumblrUITests" */ = {
			isa = XCConfigurationList;
			buildConfigurations = (
				4767A5F822C5347B00CC7EF8 /* Debug */,
				4767A5F922C5347B00CC7EF8 /* Release */,
			);
			defaultConfigurationIsVisible = 0;
			defaultConfigurationName = Release;
		};
/* End XCConfigurationList section */
	};
	rootObject = 4767A5BD22C5347B00CC7EF8 /* Project object */;
}
